
Microsoft Visual Studio Solution File, Format Version 12.00
Project("{FAE04EC0-301F-11D3-BF4B-00C04F79EFBC}") = "des-library-api", "des-library-api\des-library-api.csproj", "{5A49BC72-B7C8-4C74-9EB8-BA2A77779028}"
EndProject
Global
	GlobalSection(SolutionConfigurationPlatforms) = preSolution
		Debug|Any CPU = Debug|Any CPU
		Release|Any CPU = Release|Any CPU
	EndGlobalSection
	GlobalSection(ProjectConfigurationPlatforms) = postSolution
		{5A49BC72-B7C8-4C74-9EB8-BA2A77779028}.Debug|Any CPU.ActiveCfg = Debug|Any CPU
		{5A49BC72-B7C8-4C74-9EB8-BA2A77779028}.Debug|Any CPU.Build.0 = Debug|Any CPU
		{5A49BC72-B7C8-4C74-9EB8-BA2A77779028}.Release|Any CPU.ActiveCfg = Release|Any CPU
		{5A49BC72-B7C8-4C74-9EB8-BA2A77779028}.Release|Any CPU.Build.0 = Release|Any CPU
	EndGlobalSection
EndGlobal
